
Microsoft Visual Studio Solution File, Format Version 12.00
# Visual Studio Version 17
VisualStudioVersion = 17.4.33403.182
MinimumVisualStudioVersion = 10.0.40219.1
Project("{8BC9CEB8-8B4A-11D0-8D11-00A0C91BC942}") = "计算天数", "demo\demo.vcxproj", "{1C74B294-D1BA-47F5-961E-42847556B78F}"
EndProject
Project("{8BC9CEB8-8B4A-11D0-8D11-00A0C91BC942}") = "人民币转大写", "人民币转大写\人民币转大写.vcxproj", "{E4CF8021-B921-4019-A49C-4FF581DA8CC1}"
EndProject
Project("{8BC9CEB8-8B4A-11D0-8D11-00A0C91BC942}") = "人民币找零", "人民币找零\人民币找零.vcxproj", "{4DFCE030-C65A-4DB5-A910-C2F72DCCB979}"
EndProject
Project("{8BC9CEB8-8B4A-11D0-8D11-00A0C91BC942}") = "测试", "测试\测试.vcxproj", "{CD359FDC-6A52-490C-B6F7-76B7C4893EBF}"
EndProject
Project("{8BC9CEB8-8B4A-11D0-8D11-00A0C91BC942}") = "人民币找零（c）", "人民币找零（c）\人民币找零（c）.vcxproj", "{A8054182-DD8A-492B-BECD-CE0C3AE78BC3}"
EndProject
Project("{8BC9CEB8-8B4A-11D0-8D11-00A0C91BC942}") = "计算天数（c）", "计算天数（c）\计算天数（c）.vcxproj", "{6EC7AAF8-C83F-450C-BA21-4D6A9C98E848}"
EndProject
Project("{8BC9CEB8-8B4A-11D0-8D11-00A0C91BC942}") = "人民币转大写（c）", "人民币转大写（c）\人民币转大写（c）.vcxproj", "{485E4AC5-34C0-4A63-8ED8-79578233E853}"
EndProject
Project("{8BC9CEB8-8B4A-11D0-8D11-00A0C91BC942}") = "求exp", "Project1\Project1.vcxproj", "{A79581E3-DDE8-40BC-82B7-53D3D558DCF0}"
EndProject
Project("{8BC9CEB8-8B4A-11D0-8D11-00A0C91BC942}") = "九九乘法表", "九九乘法表\九九乘法表.vcxproj", "{36F1A146-5F74-4F5C-BFD8-486AFD9932C7}"
EndProject
Project("{8BC9CEB8-8B4A-11D0-8D11-00A0C91BC942}") = "1-9相加得1953", "1-9相加得1953\1-9相加得1953.vcxproj", "{C257DB25-7DD2-490C-B5A0-9CA16D6A4874}"
EndProject
Project("{8BC9CEB8-8B4A-11D0-8D11-00A0C91BC942}") = "1-9相加得1953(C方式)", "1-9相加得1953(C方式)\1-9相加得1953(C方式).vcxproj", "{233A1B6C-01AF-428F-854A-641CEF18AED0}"
EndProject
Project("{8BC9CEB8-8B4A-11D0-8D11-00A0C91BC942}") = "多重循环输出1", "多重循环输出1\多重循环输出1.vcxproj", "{E39FF728-F5D4-4672-B559-7B7C6541DA58}"
EndProject
Project("{8BC9CEB8-8B4A-11D0-8D11-00A0C91BC942}") = "多重循环输出2", "多重循环输出2\多重循环输出2.vcxproj", "{DB7462EC-0C72-46DE-B3D1-EA0467C02489}"
EndProject
Project("{8BC9CEB8-8B4A-11D0-8D11-00A0C91BC942}") = "多重循环输出3", "多重循环输出3\多重循环输出3.vcxproj", "{15BC7A0A-311B-4452-8D2A-D60C3DF1A703}"
EndProject
Project("{8BC9CEB8-8B4A-11D0-8D11-00A0C91BC942}") = "多重循环输出4", "多重循环输出4\多重循环输出4.vcxproj", "{F3BC71A8-E07F-4032-8A7E-B4B15A1D0790}"
EndProject
Project("{8BC9CEB8-8B4A-11D0-8D11-00A0C91BC942}") = "多重循环输出5", "多重循环输出5\多重循环输出5.vcxproj", "{5BC8E254-C197-4C40-B956-9555CA511B45}"
EndProject
Global
	GlobalSection(SolutionConfigurationPlatforms) = preSolution
		Debug|x64 = Debug|x64
		Debug|x86 = Debug|x86
		Release|x64 = Release|x64
		Release|x86 = Release|x86
	EndGlobalSection
	GlobalSection(ProjectConfigurationPlatforms) = postSolution
		{1C74B294-D1BA-47F5-961E-42847556B78F}.Debug|x64.ActiveCfg = Debug|x64
		{1C74B294-D1BA-47F5-961E-42847556B78F}.Debug|x64.Build.0 = Debug|x64
		{1C74B294-D1BA-47F5-961E-42847556B78F}.Debug|x86.ActiveCfg = Debug|Win32
		{1C74B294-D1BA-47F5-961E-42847556B78F}.Debug|x86.Build.0 = Debug|Win32
		{1C74B294-D1BA-47F5-961E-42847556B78F}.Release|x64.ActiveCfg = Release|x64
		{1C74B294-D1BA-47F5-961E-42847556B78F}.Release|x64.Build.0 = Release|x64
		{1C74B294-D1BA-47F5-961E-42847556B78F}.Release|x86.ActiveCfg = Release|Win32
		{1C74B294-D1BA-47F5-961E-42847556B78F}.Release|x86.Build.0 = Release|Win32
		{E4CF8021-B921-4019-A49C-4FF581DA8CC1}.Debug|x64.ActiveCfg = Debug|x64
		{E4CF8021-B921-4019-A49C-4FF581DA8CC1}.Debug|x64.Build.0 = Debug|x64
		{E4CF8021-B921-4019-A49C-4FF581DA8CC1}.Debug|x86.ActiveCfg = Debug|Win32
		{E4CF8021-B921-4019-A49C-4FF581DA8CC1}.Debug|x86.Build.0 = Debug|Win32
		{E4CF8021-B921-4019-A49C-4FF581DA8CC1}.Release|x64.ActiveCfg = Release|x64
		{E4CF8021-B921-4019-A49C-4FF581DA8CC1}.Release|x64.Build.0 = Release|x64
		{E4CF8021-B921-4019-A49C-4FF581DA8CC1}.Release|x86.ActiveCfg = Release|Win32
		{E4CF8021-B921-4019-A49C-4FF581DA8CC1}.Release|x86.Build.0 = Release|Win32
		{4DFCE030-C65A-4DB5-A910-C2F72DCCB979}.Debug|x64.ActiveCfg = Debug|x64
		{4DFCE030-C65A-4DB5-A910-C2F72DCCB979}.Debug|x64.Build.0 = Debug|x64
		{4DFCE030-C65A-4DB5-A910-C2F72DCCB979}.Debug|x86.ActiveCfg = Debug|Win32
		{4DFCE030-C65A-4DB5-A910-C2F72DCCB979}.Debug|x86.Build.0 = Debug|Win32
		{4DFCE030-C65A-4DB5-A910-C2F72DCCB979}.Release|x64.ActiveCfg = Release|x64
		{4DFCE030-C65A-4DB5-A910-C2F72DCCB979}.Release|x64.Build.0 = Release|x64
		{4DFCE030-C65A-4DB5-A910-C2F72DCCB979}.Release|x86.ActiveCfg = Release|Win32
		{4DFCE030-C65A-4DB5-A910-C2F72DCCB979}.Release|x86.Build.0 = Release|Win32
		{CD359FDC-6A52-490C-B6F7-76B7C4893EBF}.Debug|x64.ActiveCfg = Debug|x64
		{CD359FDC-6A52-490C-B6F7-76B7C4893EBF}.Debug|x64.Build.0 = Debug|x64
		{CD359FDC-6A52-490C-B6F7-76B7C4893EBF}.Debug|x86.ActiveCfg = Debug|Win32
		{CD359FDC-6A52-490C-B6F7-76B7C4893EBF}.Debug|x86.Build.0 = Debug|Win32
		{CD359FDC-6A52-490C-B6F7-76B7C4893EBF}.Release|x64.ActiveCfg = Release|x64
		{CD359FDC-6A52-490C-B6F7-76B7C4893EBF}.Release|x64.Build.0 = Release|x64
		{CD359FDC-6A52-490C-B6F7-76B7C4893EBF}.Release|x86.ActiveCfg = Release|Win32
		{CD359FDC-6A52-490C-B6F7-76B7C4893EBF}.Release|x86.Build.0 = Release|Win32
		{A8054182-DD8A-492B-BECD-CE0C3AE78BC3}.Debug|x64.ActiveCfg = Debug|x64
		{A8054182-DD8A-492B-BECD-CE0C3AE78BC3}.Debug|x64.Build.0 = Debug|x64
		{A8054182-DD8A-492B-BECD-CE0C3AE78BC3}.Debug|x86.ActiveCfg = Debug|Win32
		{A8054182-DD8A-492B-BECD-CE0C3AE78BC3}.Debug|x86.Build.0 = Debug|Win32
		{A8054182-DD8A-492B-BECD-CE0C3AE78BC3}.Release|x64.ActiveCfg = Release|x64
		{A8054182-DD8A-492B-BECD-CE0C3AE78BC3}.Release|x64.Build.0 = Release|x64
		{A8054182-DD8A-492B-BECD-CE0C3AE78BC3}.Release|x86.ActiveCfg = Release|Win32
		{A8054182-DD8A-492B-BECD-CE0C3AE78BC3}.Release|x86.Build.0 = Release|Win32
		{6EC7AAF8-C83F-450C-BA21-4D6A9C98E848}.Debug|x64.ActiveCfg = Debug|x64
		{6EC7AAF8-C83F-450C-BA21-4D6A9C98E848}.Debug|x64.Build.0 = Debug|x64
		{6EC7AAF8-C83F-450C-BA21-4D6A9C98E848}.Debug|x86.ActiveCfg = Debug|Win32
		{6EC7AAF8-C83F-450C-BA21-4D6A9C98E848}.Debug|x86.Build.0 = Debug|Win32
		{6EC7AAF8-C83F-450C-BA21-4D6A9C98E848}.Release|x64.ActiveCfg = Release|x64
		{6EC7AAF8-C83F-450C-BA21-4D6A9C98E848}.Release|x64.Build.0 = Release|x64
		{6EC7AAF8-C83F-450C-BA21-4D6A9C98E848}.Release|x86.ActiveCfg = Release|Win32
		{6EC7AAF8-C83F-450C-BA21-4D6A9C98E848}.Release|x86.Build.0 = Release|Win32
		{485E4AC5-34C0-4A63-8ED8-79578233E853}.Debug|x64.ActiveCfg = Debug|x64
		{485E4AC5-34C0-4A63-8ED8-79578233E853}.Debug|x64.Build.0 = Debug|x64
		{485E4AC5-34C0-4A63-8ED8-79578233E853}.Debug|x86.ActiveCfg = Debug|Win32
		{485E4AC5-34C0-4A63-8ED8-79578233E853}.Debug|x86.Build.0 = Debug|Win32
		{485E4AC5-34C0-4A63-8ED8-79578233E853}.Release|x64.ActiveCfg = Release|x64
		{485E4AC5-34C0-4A63-8ED8-79578233E853}.Release|x64.Build.0 = Release|x64
		{485E4AC5-34C0-4A63-8ED8-79578233E853}.Release|x86.ActiveCfg = Release|Win32
		{485E4AC5-34C0-4A63-8ED8-79578233E853}.Release|x86.Build.0 = Release|Win32
		{A79581E3-DDE8-40BC-82B7-53D3D558DCF0}.Debug|x64.ActiveCfg = Debug|x64
		{A79581E3-DDE8-40BC-82B7-53D3D558DCF0}.Debug|x64.Build.0 = Debug|x64
		{A79581E3-DDE8-40BC-82B7-53D3D558DCF0}.Debug|x86.ActiveCfg = Debug|Win32
		{A79581E3-DDE8-40BC-82B7-53D3D558DCF0}.Debug|x86.Build.0 = Debug|Win32
		{A79581E3-DDE8-40BC-82B7-53D3D558DCF0}.Release|x64.ActiveCfg = Release|x64
		{A79581E3-DDE8-40BC-82B7-53D3D558DCF0}.Release|x64.Build.0 = Release|x64
		{A79581E3-DDE8-40BC-82B7-53D3D558DCF0}.Release|x86.ActiveCfg = Release|Win32
		{A79581E3-DDE8-40BC-82B7-53D3D558DCF0}.Release|x86.Build.0 = Release|Win32
		{36F1A146-5F74-4F5C-BFD8-486AFD9932C7}.Debug|x64.ActiveCfg = Debug|x64
		{36F1A146-5F74-4F5C-BFD8-486AFD9932C7}.Debug|x64.Build.0 = Debug|x64
		{36F1A146-5F74-4F5C-BFD8-486AFD9932C7}.Debug|x86.ActiveCfg = Debug|Win32
		{36F1A146-5F74-4F5C-BFD8-486AFD9932C7}.Debug|x86.Build.0 = Debug|Win32
		{36F1A146-5F74-4F5C-BFD8-486AFD9932C7}.Release|x64.ActiveCfg = Release|x64
		{36F1A146-5F74-4F5C-BFD8-486AFD9932C7}.Release|x64.Build.0 = Release|x64
		{36F1A146-5F74-4F5C-BFD8-486AFD9932C7}.Release|x86.ActiveCfg = Release|Win32
		{36F1A146-5F74-4F5C-BFD8-486AFD9932C7}.Release|x86.Build.0 = Release|Win32
		{C257DB25-7DD2-490C-B5A0-9CA16D6A4874}.Debug|x64.ActiveCfg = Debug|x64
		{C257DB25-7DD2-490C-B5A0-9CA16D6A4874}.Debug|x64.Build.0 = Debug|x64
		{C257DB25-7DD2-490C-B5A0-9CA16D6A4874}.Debug|x86.ActiveCfg = Debug|Win32
		{C257DB25-7DD2-490C-B5A0-9CA16D6A4874}.Debug|x86.Build.0 = Debug|Win32
		{C257DB25-7DD2-490C-B5A0-9CA16D6A4874}.Release|x64.ActiveCfg = Release|x64
		{C257DB25-7DD2-490C-B5A0-9CA16D6A4874}.Release|x64.Build.0 = Release|x64
		{C257DB25-7DD2-490C-B5A0-9CA16D6A4874}.Release|x86.ActiveCfg = Release|Win32
		{C257DB25-7DD2-490C-B5A0-9CA16D6A4874}.Release|x86.Build.0 = Release|Win32
		{233A1B6C-01AF-428F-854A-641CEF18AED0}.Debug|x64.ActiveCfg = Debug|x64
		{233A1B6C-01AF-428F-854A-641CEF18AED0}.Debug|x64.Build.0 = Debug|x64
		{233A1B6C-01AF-428F-854A-641CEF18AED0}.Debug|x86.ActiveCfg = Debug|Win32
		{233A1B6C-01AF-428F-854A-641CEF18AED0}.Debug|x86.Build.0 = Debug|Win32
		{233A1B6C-01AF-428F-854A-641CEF18AED0}.Release|x64.ActiveCfg = Release|x64
		{233A1B6C-01AF-428F-854A-641CEF18AED0}.Release|x64.Build.0 = Release|x64
		{233A1B6C-01AF-428F-854A-641CEF18AED0}.Release|x86.ActiveCfg = Release|Win32
		{233A1B6C-01AF-428F-854A-641CEF18AED0}.Release|x86.Build.0 = Release|Win32
		{E39FF728-F5D4-4672-B559-7B7C6541DA58}.Debug|x64.ActiveCfg = Debug|x64
		{E39FF728-F5D4-4672-B559-7B7C6541DA58}.Debug|x64.Build.0 = Debug|x64
		{E39FF728-F5D4-4672-B559-7B7C6541DA58}.Debug|x86.ActiveCfg = Debug|Win32
		{E39FF728-F5D4-4672-B559-7B7C6541DA58}.Debug|x86.Build.0 = Debug|Win32
		{E39FF728-F5D4-4672-B559-7B7C6541DA58}.Release|x64.ActiveCfg = Release|x64
		{E39FF728-F5D4-4672-B559-7B7C6541DA58}.Release|x64.Build.0 = Release|x64
		{E39FF728-F5D4-4672-B559-7B7C6541DA58}.Release|x86.ActiveCfg = Release|Win32
		{E39FF728-F5D4-4672-B559-7B7C6541DA58}.Release|x86.Build.0 = Release|Win32
		{DB7462EC-0C72-46DE-B3D1-EA0467C02489}.Debug|x64.ActiveCfg = Debug|x64
		{DB7462EC-0C72-46DE-B3D1-EA0467C02489}.Debug|x64.Build.0 = Debug|x64
		{DB7462EC-0C72-46DE-B3D1-EA0467C02489}.Debug|x86.ActiveCfg = Debug|Win32
		{DB7462EC-0C72-46DE-B3D1-EA0467C02489}.Debug|x86.Build.0 = Debug|Win32
		{DB7462EC-0C72-46DE-B3D1-EA0467C02489}.Release|x64.ActiveCfg = Release|x64
		{DB7462EC-0C72-46DE-B3D1-EA0467C02489}.Release|x64.Build.0 = Release|x64
		{DB7462EC-0C72-46DE-B3D1-EA0467C02489}.Release|x86.ActiveCfg = Release|Win32
		{DB7462EC-0C72-46DE-B3D1-EA0467C02489}.Release|x86.Build.0 = Release|Win32
		{15BC7A0A-311B-4452-8D2A-D60C3DF1A703}.Debug|x64.ActiveCfg = Debug|x64
		{15BC7A0A-311B-4452-8D2A-D60C3DF1A703}.Debug|x64.Build.0 = Debug|x64
		{15BC7A0A-311B-4452-8D2A-D60C3DF1A703}.Debug|x86.ActiveCfg = Debug|Win32
		{15BC7A0A-311B-4452-8D2A-D60C3DF1A703}.Debug|x86.Build.0 = Debug|Win32
		{15BC7A0A-311B-4452-8D2A-D60C3DF1A703}.Release|x64.ActiveCfg = Release|x64
		{15BC7A0A-311B-4452-8D2A-D60C3DF1A703}.Release|x64.Build.0 = Release|x64
		{15BC7A0A-311B-4452-8D2A-D60C3DF1A703}.Release|x86.ActiveCfg = Release|Win32
		{15BC7A0A-311B-4452-8D2A-D60C3DF1A703}.Release|x86.Build.0 = Release|Win32
		{F3BC71A8-E07F-4032-8A7E-B4B15A1D0790}.Debug|x64.ActiveCfg = Debug|x64
		{F3BC71A8-E07F-4032-8A7E-B4B15A1D0790}.Debug|x64.Build.0 = Debug|x64
		{F3BC71A8-E07F-4032-8A7E-B4B15A1D0790}.Debug|x86.ActiveCfg = Debug|Win32
		{F3BC71A8-E07F-4032-8A7E-B4B15A1D0790}.Debug|x86.Build.0 = Debug|Win32
		{F3BC71A8-E07F-4032-8A7E-B4B15A1D0790}.Release|x64.ActiveCfg = Release|x64
		{F3BC71A8-E07F-4032-8A7E-B4B15A1D0790}.Release|x64.Build.0 = Release|x64
		{F3BC71A8-E07F-4032-8A7E-B4B15A1D0790}.Release|x86.ActiveCfg = Release|Win32
		{F3BC71A8-E07F-4032-8A7E-B4B15A1D0790}.Release|x86.Build.0 = Release|Win32
		{5BC8E254-C197-4C40-B956-9555CA511B45}.Debug|x64.ActiveCfg = Debug|x64
		{5BC8E254-C197-4C40-B956-9555CA511B45}.Debug|x64.Build.0 = Debug|x64
		{5BC8E254-C197-4C40-B956-9555CA511B45}.Debug|x86.ActiveCfg = Debug|Win32
		{5BC8E254-C197-4C40-B956-9555CA511B45}.Debug|x86.Build.0 = Debug|Win32
		{5BC8E254-C197-4C40-B956-9555CA511B45}.Release|x64.ActiveCfg = Release|x64
		{5BC8E254-C197-4C40-B956-9555CA511B45}.Release|x64.Build.0 = Release|x64
		{5BC8E254-C197-4C40-B956-9555CA511B45}.Release|x86.ActiveCfg = Release|Win32
		{5BC8E254-C197-4C40-B956-9555CA511B45}.Release|x86.Build.0 = Release|Win32
	EndGlobalSection
	GlobalSection(SolutionProperties) = preSolution
		HideSolutionNode = FALSE
	EndGlobalSection
	GlobalSection(ExtensibilityGlobals) = postSolution
		SolutionGuid = {6E9FC7F1-A543-47BC-A76D-7EA2AE3DD6FD}
	EndGlobalSection
EndGlobal
